Microsoft Visual Studio Solution File, Format Version 12.00
# Visual Studio Version 17
VisualStudioVersion = 17.5.2.0
MinimumVisualStudioVersion = 10.0.40219.1
Project("{FAE04EC0-301F-11D3-BF4B-00C04F79EFBC}") = "ConFM", "ConFM\ConFM.csproj", "{729DBF25-EBFD-53DC-1022-C6CB41C3DFCD}"
EndProject
Global
	GlobalSection(SolutionConfigurationPlatforms) = preSolution
		Debug|Any CPU = Debug|Any CPU
		Release|Any CPU = Release|Any CPU
	EndGlobalSection
	GlobalSection(ProjectConfigurationPlatforms) = postSolution
		{729DBF25-EBFD-53DC-1022-C6CB41C3DFCD}.Debug|Any CPU.ActiveCfg = Debug|Any CPU
		{729DBF25-EBFD-53DC-1022-C6CB41C3DFCD}.Debug|Any CPU.Build.0 = Debug|Any CPU
		{729DBF25-EBFD-53DC-1022-C6CB41C3DFCD}.Release|Any CPU.ActiveCfg = Release|Any CPU
		{729DBF25-EBFD-53DC-1022-C6CB41C3DFCD}.Release|Any CPU.Build.0 = Release|Any CPU
	EndGlobalSection
	GlobalSection(SolutionProperties) = preSolution
		HideSolutionNode = FALSE
	EndGlobalSection
	GlobalSection(ExtensibilityGlobals) = postSolution
		SolutionGuid = {6D2AC9A3-816D-4BE3-B819-0C1FB0D61C49}
	EndGlobalSection
EndGlobal
